
Microsoft Visual Studio Solution File, Format Version 12.00
# Visual Studio Version 16
VisualStudioVersion = 16.0.30114.105
MinimumVisualStudioVersion = 10.0.40219.1
Project("{9A19103F-16F7-4668-BE54-9A1E7A4F7556}") = "OpenGL", "OpenGL\OpenGL.csproj", "{2CD17D51-722D-4ACF-A971-0ECF47410E46}"
EndProject
Project("{8BC9CEB8-8B4A-11D0-8D11-00A0C91BC942}") = "CppOpenGl", "CppOpenGl\CppOpenGl.vcxproj", "{053949ED-209D-4FC1-8643-D57C8982AA35}"
EndProject
Project("{2150E333-8FDC-42A3-9474-1A3956D46DE8}") = "Solution Items", "Solution Items", "{85C99349-75A8-46B6-AAD7-189C49434DD0}"
	ProjectSection(SolutionItems) = preProject
		.editorconfig = .editorconfig
	EndProjectSection
EndProject
Global
	GlobalSection(SolutionConfigurationPlatforms) = preSolution
		Debug|Any CPU = Debug|Any CPU
		Debug|x64 = Debug|x64
		Debug|x86 = Debug|x86
		Release|Any CPU = Release|Any CPU
		Release|x64 = Release|x64
		Release|x86 = Release|x86
	EndGlobalSection
	GlobalSection(ProjectConfigurationPlatforms) = postSolution
		{2CD17D51-722D-4ACF-A971-0ECF47410E46}.Debug|Any CPU.ActiveCfg = Debug|Any CPU
		{2CD17D51-722D-4ACF-A971-0ECF47410E46}.Debug|Any CPU.Build.0 = Debug|Any CPU
		{2CD17D51-722D-4ACF-A971-0ECF47410E46}.Debug|x64.ActiveCfg = Debug|Any CPU
		{2CD17D51-722D-4ACF-A971-0ECF47410E46}.Debug|x64.Build.0 = Debug|Any CPU
		{2CD17D51-722D-4ACF-A971-0ECF47410E46}.Debug|x86.ActiveCfg = Debug|Any CPU
		{2CD17D51-722D-4ACF-A971-0ECF47410E46}.Debug|x86.Build.0 = Debug|Any CPU
		{2CD17D51-722D-4ACF-A971-0ECF47410E46}.Release|Any CPU.ActiveCfg = Release|Any CPU
		{2CD17D51-722D-4ACF-A971-0ECF47410E46}.Release|Any CPU.Build.0 = Release|Any CPU
		{2CD17D51-722D-4ACF-A971-0ECF47410E46}.Release|x64.ActiveCfg = Release|Any CPU
		{2CD17D51-722D-4ACF-A971-0ECF47410E46}.Release|x64.Build.0 = Release|Any CPU
		{2CD17D51-722D-4ACF-A971-0ECF47410E46}.Release|x86.ActiveCfg = Release|Any CPU
		{2CD17D51-722D-4ACF-A971-0ECF47410E46}.Release|x86.Build.0 = Release|Any CPU
		{053949ED-209D-4FC1-8643-D57C8982AA35}.Debug|Any CPU.ActiveCfg = Debug|Win32
		{053949ED-209D-4FC1-8643-D57C8982AA35}.Debug|Any CPU.Build.0 = Debug|Win32
		{053949ED-209D-4FC1-8643-D57C8982AA35}.Debug|x64.ActiveCfg = Debug|x64
		{053949ED-209D-4FC1-8643-D57C8982AA35}.Debug|x64.Build.0 = Debug|x64
		{053949ED-209D-4FC1-8643-D57C8982AA35}.Debug|x86.ActiveCfg = Debug|Win32
		{053949ED-209D-4FC1-8643-D57C8982AA35}.Debug|x86.Build.0 = Debug|Win32
		{053949ED-209D-4FC1-8643-D57C8982AA35}.Release|Any CPU.ActiveCfg = Release|Win32
		{053949ED-209D-4FC1-8643-D57C8982AA35}.Release|x64.ActiveCfg = Release|x64
		{053949ED-209D-4FC1-8643-D57C8982AA35}.Release|x64.Build.0 = Release|x64
		{053949ED-209D-4FC1-8643-D57C8982AA35}.Release|x86.ActiveCfg = Release|Win32
		{053949ED-209D-4FC1-8643-D57C8982AA35}.Release|x86.Build.0 = Release|Win32
	EndGlobalSection
	GlobalSection(SolutionProperties) = preSolution
		HideSolutionNode = FALSE
	EndGlobalSection
	GlobalSection(ExtensibilityGlobals) = postSolution
		SolutionGuid = {A620DB5F-AED1-4BC1-A8E5-69B77CA00887}
	EndGlobalSection
EndGlobal
